
Microsoft Visual Studio Solution File, Format Version 12.00
Project("{FAE04EC0-301F-11D3-BF4B-00C04F79EFBC}") = "IO.Astrodynamics", "IO.Astrodynamics\IO.Astrodynamics.csproj", "{A17C7A73-43C8-4810-87EF-E63647569EBD}"
EndProject
Project("{FAE04EC0-301F-11D3-BF4B-00C04F79EFBC}") = "IO.Astrodynamics.Tests", "IO.Astrodynamics.Tests\IO.Astrodynamics.Tests.csproj", "{7D17CAA6-C53A-447D-B6EC-FD71654EB56F}"
EndProject
Project("{FAE04EC0-301F-11D3-BF4B-00C04F79EFBC}") = "IO.Astrodynamics.Performance", "IO.Astrodynamics.Performance\IO.Astrodynamics.Performance.csproj", "{7ADFCA3F-5B86-4149-B4C8-99195C4E677F}"
EndProject
Project("{FAE04EC0-301F-11D3-BF4B-00C04F79EFBC}") = "IO.Astrodynamics.CLI", "IO.Astrodynamics.CLI\IO.Astrodynamics.CLI.csproj", "{F969725C-62A0-4F3F-8068-44EE65F58CAF}"
EndProject
Project("{FAE04EC0-301F-11D3-BF4B-00C04F79EFBC}") = "IO.Astrodynamics.CLI.Tests", "IO.Astrodynamics.CLI.Tests\IO.Astrodynamics.CLI.Tests.csproj", "{A5090423-9F21-434C-BE5A-F11B1D11DD9E}"
EndProject
Global
	GlobalSection(SolutionConfigurationPlatforms) = preSolution
		Debug|Any CPU = Debug|Any CPU
		Release|Any CPU = Release|Any CPU
	EndGlobalSection
	GlobalSection(ProjectConfigurationPlatforms) = postSolution
		{A17C7A73-43C8-4810-87EF-E63647569EBD}.Debug|Any CPU.ActiveCfg = Debug|Any CPU
		{A17C7A73-43C8-4810-87EF-E63647569EBD}.Debug|Any CPU.Build.0 = Debug|Any CPU
		{A17C7A73-43C8-4810-87EF-E63647569EBD}.Release|Any CPU.ActiveCfg = Release|Any CPU
		{A17C7A73-43C8-4810-87EF-E63647569EBD}.Release|Any CPU.Build.0 = Release|Any CPU
		{7D17CAA6-C53A-447D-B6EC-FD71654EB56F}.Debug|Any CPU.ActiveCfg = Debug|Any CPU
		{7D17CAA6-C53A-447D-B6EC-FD71654EB56F}.Debug|Any CPU.Build.0 = Debug|Any CPU
		{7D17CAA6-C53A-447D-B6EC-FD71654EB56F}.Release|Any CPU.ActiveCfg = Release|Any CPU
		{7D17CAA6-C53A-447D-B6EC-FD71654EB56F}.Release|Any CPU.Build.0 = Release|Any CPU
		{7ADFCA3F-5B86-4149-B4C8-99195C4E677F}.Debug|Any CPU.ActiveCfg = Debug|Any CPU
		{7ADFCA3F-5B86-4149-B4C8-99195C4E677F}.Debug|Any CPU.Build.0 = Debug|Any CPU
		{7ADFCA3F-5B86-4149-B4C8-99195C4E677F}.Release|Any CPU.ActiveCfg = Release|Any CPU
		{7ADFCA3F-5B86-4149-B4C8-99195C4E677F}.Release|Any CPU.Build.0 = Release|Any CPU
		{F969725C-62A0-4F3F-8068-44EE65F58CAF}.Debug|Any CPU.ActiveCfg = Debug|Any CPU
		{F969725C-62A0-4F3F-8068-44EE65F58CAF}.Debug|Any CPU.Build.0 = Debug|Any CPU
		{F969725C-62A0-4F3F-8068-44EE65F58CAF}.Release|Any CPU.ActiveCfg = Release|Any CPU
		{F969725C-62A0-4F3F-8068-44EE65F58CAF}.Release|Any CPU.Build.0 = Release|Any CPU
		{A5090423-9F21-434C-BE5A-F11B1D11DD9E}.Debug|Any CPU.ActiveCfg = Debug|Any CPU
		{A5090423-9F21-434C-BE5A-F11B1D11DD9E}.Debug|Any CPU.Build.0 = Debug|Any CPU
		{A5090423-9F21-434C-BE5A-F11B1D11DD9E}.Release|Any CPU.ActiveCfg = Release|Any CPU
		{A5090423-9F21-434C-BE5A-F11B1D11DD9E}.Release|Any CPU.Build.0 = Release|Any CPU
	EndGlobalSection
EndGlobal
